
Microsoft Visual Studio Solution File, Format Version 12.00
# Visual Studio Version 17
VisualStudioVersion = 17.5.33530.505
MinimumVisualStudioVersion = 10.0.40219.1
Project("{FAE04EC0-301F-11D3-BF4B-00C04F79EFBC}") = "WS", "WS\WS.csproj", "{08F904E9-8433-42A5-8B52-F5CFD49DF53A}"
EndProject
Global
	GlobalSection(SolutionConfigurationPlatforms) = preSolution
		Debug|Any CPU = Debug|Any CPU
		Release|Any CPU = Release|Any CPU
	EndGlobalSection
	GlobalSection(ProjectConfigurationPlatforms) = postSolution
		{08F904E9-8433-42A5-8B52-F5CFD49DF53A}.Debug|Any CPU.ActiveCfg = Debug|Any CPU
		{08F904E9-8433-42A5-8B52-F5CFD49DF53A}.Debug|Any CPU.Build.0 = Debug|Any CPU
		{08F904E9-8433-42A5-8B52-F5CFD49DF53A}.Release|Any CPU.ActiveCfg = Release|Any CPU
		{08F904E9-8433-42A5-8B52-F5CFD49DF53A}.Release|Any CPU.Build.0 = Release|Any CPU
	EndGlobalSection
	GlobalSection(SolutionProperties) = preSolution
		HideSolutionNode = FALSE
	EndGlobalSection
	GlobalSection(ExtensibilityGlobals) = postSolution
		SolutionGuid = {B6948C62-FA20-456F-8983-5870FDDB4B4C}
	EndGlobalSection
EndGlobal
